// !$*UTF8*$!
{
	archiveVersion = 1;
	classes = {
	};
	objectVersion = 50;
	objects = {

/* Begin PBXBuildFile section */
		2149D0DA287648AC0047339B /* AppDelegate.swift in Sources */ = {isa = PBXBuildFile; fileRef = 2149D0D9287648AC0047339B /* AppDelegate.swift */; };
		2149D0DC287648AC0047339B /* SceneDelegate.swift in Sources */ = {isa = PBXBuildFile; fileRef = 2149D0DB287648AC0047339B /* SceneDelegate.swift */; };
		2149D0DE287648AC0047339B /* ViewController.swift in Sources */ = {isa = PBXBuildFile; fileRef = 2149D0DD287648AC0047339B /* ViewController.swift */; };
		2149D0E1287648AC0047339B /* Main.storyboard in Resources */ = {isa = PBXBuildFile; fileRef = 2149D0DF287648AC0047339B /* Main.storyboard */; };
		2149D0E3287648AD0047339B /* Assets.xcassets in Resources */ = {isa = PBXBuildFile; fileRef = 2149D0E2287648AD0047339B /* Assets.xcassets */; };
		2149D0E6287648AD0047339B /* LaunchScreen.storyboard in Resources */ = {isa = PBXBuildFile; fileRef = 2149D0E4287648AD0047339B /* LaunchScreen.storyboard */; };
		2149D0F1287648AD0047339B /* extensionTests.swift in Sources */ = {isa = PBXBuildFile; fileRef = 2149D0F0287648AD0047339B /* extensionTests.swift */; };
		2149D0FC287648AD0047339B /* extensionUITests.swift in Sources */ = {isa = PBXBuildFile; fileRef = 2149D0FB287648AD0047339B /* extensionUITests.swift */; };
/* End PBXBuildFile section */

/* Begin PBXContainerItemProxy section */
		2149D0ED287648AD0047339B /* PBXContainerItemProxy */ = {
			isa = PBXContainerItemProxy;
			containerPortal = 2149D0CE287648AC0047339B /* Project object */;
			proxyType = 1;
			remoteGlobalIDString = 2149D0D5287648AC0047339B;
			remoteInfo = extension;
		};
		2149D0F8287648AD0047339B /* PBXContainerItemProxy */ = {
			isa = PBXContainerItemProxy;
			containerPortal = 2149D0CE287648AC0047339B /* Project object */;
			proxyType = 1;
			remoteGlobalIDString = 2149D0D5287648AC0047339B;
			remoteInfo = extension;
		};
/* End PBXContainerItemProxy section */

/* Begin PBXFileReference section */
		2149D0D6287648AC0047339B /* extension.app */ = {isa = PBXFileReference; explicitFileType = wrapper.application; includeInIndex = 0; path = extension.app; sourceTree = BUILT_PRODUCTS_DIR; };
		2149D0D9287648AC0047339B /* AppDelegate.swift */ = {isa = PBXFileReference; lastKnownFileType = sourcecode.swift; path = AppDelegate.swift; sourceTree = "<group>"; };
		2149D0DB287648AC0047339B /* SceneDelegate.swift */ = {isa = PBXFileReference; lastKnownFileType = sourcecode.swift; path = SceneDelegate.swift; sourceTree = "<group>"; };
		2149D0DD287648AC0047339B /* ViewController.swift */ = {isa = PBXFileReference; lastKnownFileType = sourcecode.swift; path = ViewController.swift; sourceTree = "<group>"; };
		2149D0E0287648AC0047339B /* Base */ = {isa = PBXFileReference; lastKnownFileType = file.storyboard; name = Base; path = Base.lproj/Main.storyboard; sourceTree = "<group>"; };
		2149D0E2287648AD0047339B /* Assets.xcassets */ = {isa = PBXFileReference; lastKnownFileType = folder.assetcatalog; path = Assets.xcassets; sourceTree = "<group>"; };
		2149D0E5287648AD0047339B /* Base */ = {isa = PBXFileReference; lastKnownFileType = file.storyboard; name = Base; path = Base.lproj/LaunchScreen.storyboard; sourceTree = "<group>"; };
		2149D0E7287648AD0047339B /* Info.plist */ = {isa = PBXFileReference; lastKnownFileType = text.plist.xml; path = Info.plist; sourceTree = "<group>"; };
		2149D0EC287648AD0047339B /* extensionTests.xctest */ = {isa = PBXFileReference; explicitFileType = wrapper.cfbundle; includeInIndex = 0; path = extensionTests.xctest; sourceTree = BUILT_PRODUCTS_DIR; };
		2149D0F0287648AD0047339B /* extensionTests.swift */ = {isa = PBXFileReference; lastKnownFileType = sourcecode.swift; path = extensionTests.swift; sourceTree = "<group>"; };
		2149D0F2287648AD0047339B /* Info.plist */ = {isa = PBXFileReference; lastKnownFileType = text.plist.xml; path = Info.plist; sourceTree = "<group>"; };
		2149D0F7287648AD0047339B /* extensionUITests.xctest */ = {isa = PBXFileReference; explicitFileType = wrapper.cfbundle; includeInIndex = 0; path = extensionUITests.xctest; sourceTree = BUILT_PRODUCTS_DIR; };
		2149D0FB287648AD0047339B /* extensionUITests.swift */ = {isa = PBXFileReference; lastKnownFileType = sourcecode.swift; path = extensionUITests.swift; sourceTree = "<group>"; };
		2149D0FD287648AD0047339B /* Info.plist */ = {isa = PBXFileReference; lastKnownFileType = text.plist.xml; path = Info.plist; sourceTree = "<group>"; };
/* End PBXFileReference section */

/* Begin PBXFrameworksBuildPhase section */
		2149D0D3287648AC0047339B /* Frameworks */ = {
			isa = PBXFrameworksBuildPhase;
			buildActionMask = 2147483647;
			files = (
			);
			runOnlyForDeploymentPostprocessing = 0;
		};
		2149D0E9287648AD0047339B /* Frameworks */ = {
			isa = PBXFrameworksBuildPhase;
			buildActionMask = 2147483647;
			files = (
			);
			runOnlyForDeploymentPostprocessing = 0;
		};
		2149D0F4287648AD0047339B /* Frameworks */ = {
			isa = PBXFrameworksBuildPhase;
			buildActionMask = 2147483647;
			files = (
			);
			runOnlyForDeploymentPostprocessing = 0;
		};
/* End PBXFrameworksBuildPhase section */

/* Begin PBXGroup section */
		2149D0CD287648AC0047339B = {
			isa = PBXGroup;
			children = (
				2149D0D8287648AC0047339B /* extension */,
				2149D0EF287648AD0047339B /* extensionTests */,
				2149D0FA287648AD0047339B /* extensionUITests */,
				2149D0D7287648AC0047339B /* Products */,
			);
			sourceTree = "<group>";
		};
		2149D0D7287648AC0047339B /* Products */ = {
			isa = PBXGroup;
			children = (
				2149D0D6287648AC0047339B /* extension.app */,
				2149D0EC287648AD0047339B /* extensionTests.xctest */,
				2149D0F7287648AD0047339B /* extensionUITests.xctest */,
			);
			name = Products;
			sourceTree = "<group>";
		};
		2149D0D8287648AC0047339B /* extension */ = {
			isa = PBXGroup;
			children = (
				2149D0D9287648AC0047339B /* AppDelegate.swift */,
				2149D0DB287648AC0047339B /* SceneDelegate.swift */,
				2149D0DD287648AC0047339B /* ViewController.swift */,
				2149D0DF287648AC0047339B /* Main.storyboard */,
				2149D0E2287648AD0047339B /* Assets.xcassets */,
				2149D0E4287648AD0047339B /* LaunchScreen.storyboard */,
				2149D0E7287648AD0047339B /* Info.plist */,
			);
			path = extension;
			sourceTree = "<group>";
		};
		2149D0EF287648AD0047339B /* extensionTests */ = {
			isa = PBXGroup;
			children = (
				2149D0F0287648AD0047339B /* extensionTests.swift */,
				2149D0F2287648AD0047339B /* Info.plist */,
			);
			path = extensionTests;
			sourceTree = "<group>";
		};
		2149D0FA287648AD0047339B /* extensionUITests */ = {
			isa = PBXGroup;
			children = (
				2149D0FB287648AD0047339B /* extensionUITests.swift */,
				2149D0FD287648AD0047339B /* Info.plist */,
			);
			path = extensionUITests;
			sourceTree = "<group>";
		};
/* End PBXGroup section */

/* Begin PBXNativeTarget section */
		2149D0D5287648AC0047339B /* extension */ = {
			isa = PBXNativeTarget;
			buildConfigurationList = 2149D100287648AD0047339B /* Build configuration list for PBXNativeTarget "extension" */;
			buildPhases = (
				2149D0D2287648AC0047339B /* Sources */,
				2149D0D3287648AC0047339B /* Frameworks */,
				2149D0D4287648AC0047339B /* Resources */,
			);
			buildRules = (
			);
			dependencies = (
			);
			name = extension;
			productName = extension;
			productReference = 2149D0D6287648AC0047339B /* extension.app */;
			productType = "com.apple.product-type.application";
		};
		2149D0EB287648AD0047339B /* extensionTests */ = {
			isa = PBXNativeTarget;
			buildConfigurationList = 2149D103287648AD0047339B /* Build configuration list for PBXNativeTarget "extensionTests" */;
			buildPhases = (
				2149D0E8287648AD0047339B /* Sources */,
				2149D0E9287648AD0047339B /* Frameworks */,
				2149D0EA287648AD0047339B /* Resources */,
			);
			buildRules = (
			);
			dependencies = (
				2149D0EE287648AD0047339B /* PBXTargetDependency */,
			);
			name = extensionTests;
			productName = extensionTests;
			productReference = 2149D0EC287648AD0047339B /* extensionTests.xctest */;
			productType = "com.apple.product-type.bundle.unit-test";
		};
		2149D0F6287648AD0047339B /* extensionUITests */ = {
			isa = PBXNativeTarget;
			buildConfigurationList = 2149D106287648AD0047339B /* Build configuration list for PBXNativeTarget "extensionUITests" */;
			buildPhases = (
				2149D0F3287648AD0047339B /* Sources */,
				2149D0F4287648AD0047339B /* Frameworks */,
				2149D0F5287648AD0047339B /* Resources */,
			);
			buildRules = (
			);
			dependencies = (
				2149D0F9287648AD0047339B /* PBXTargetDependency */,
			);
			name = extensionUITests;
			productName = extensionUITests;
			productReference = 2149D0F7287648AD0047339B /* extensionUITests.xctest */;
			productType = "com.apple.product-type.bundle.ui-testing";
		};
/* End PBXNativeTarget section */

/* Begin PBXProject section */
		2149D0CE287648AC0047339B /* Project object */ = {
			isa = PBXProject;
			attributes = {
				LastSwiftUpdateCheck = 1250;
				LastUpgradeCheck = 1250;
				TargetAttributes = {
					2149D0D5287648AC0047339B = {
						CreatedOnToolsVersion = 12.5.1;
					};
					2149D0EB287648AD0047339B = {
						CreatedOnToolsVersion = 12.5.1;
						TestTargetID = 2149D0D5287648AC0047339B;
					};
					2149D0F6287648AD0047339B = {
						CreatedOnToolsVersion = 12.5.1;
						TestTargetID = 2149D0D5287648AC0047339B;
					};
				};
			};
			buildConfigurationList = 2149D0D1287648AC0047339B /* Build configuration list for PBXProject "extension" */;
			compatibilityVersion = "Xcode 9.3";
			developmentRegion = en;
			hasScannedForEncodings = 0;
			knownRegions = (
				en,
				Base,
			);
			mainGroup = 2149D0CD287648AC0047339B;
			productRefGroup = 2149D0D7287648AC0047339B /* Products */;
			projectDirPath = "";
			projectRoot = "";
			targets = (
				2149D0D5287648AC0047339B /* extension */,
				2149D0EB287648AD0047339B /* extensionTests */,
				2149D0F6287648AD0047339B /* extensionUITests */,
			);
		};
/* End PBXProject section */

/* Begin PBXResourcesBuildPhase section */
		2149D0D4287648AC0047339B /* Resources */ = {
			isa = PBXResourcesBuildPhase;
			buildActionMask = 2147483647;
			files = (
				2149D0E6287648AD0047339B /* LaunchScreen.storyboard in Resources */,
				2149D0E3287648AD0047339B /* Assets.xcassets in Resources */,
				2149D0E1287648AC0047339B /* Main.storyboard in Resources */,
			);
			runOnlyForDeploymentPostprocessing = 0;
		};
		2149D0EA287648AD0047339B /* Resources */ = {
			isa = PBXResourcesBuildPhase;
			buildActionMask = 2147483647;
			files = (
			);
			runOnlyForDeploymentPostprocessing = 0;
		};
		2149D0F5287648AD0047339B /* Resources */ = {
			isa = PBXResourcesBuildPhase;
			buildActionMask = 2147483647;
			files = (
			);
			runOnlyForDeploymentPostprocessing = 0;
		};
/* End PBXResourcesBuildPhase section */

/* Begin PBXSourcesBuildPhase section */
		2149D0D2287648AC0047339B /* Sources */ = {
			isa = PBXSourcesBuildPhase;
			buildActionMask = 2147483647;
			files = (
				2149D0DE287648AC0047339B /* ViewController.swift in Sources */,
				2149D0DA287648AC0047339B /* AppDelegate.swift in Sources */,
				2149D0DC287648AC0047339B /* SceneDelegate.swift in Sources */,
			);
			runOnlyForDeploymentPostprocessing = 0;
		};
		2149D0E8287648AD0047339B /* Sources */ = {
			isa = PBXSourcesBuildPhase;
			buildActionMask = 2147483647;
			files = (
				2149D0F1287648AD0047339B /* extensionTests.swift in Sources */,
			);
			runOnlyForDeploymentPostprocessing = 0;
		};
		2149D0F3287648AD0047339B /* Sources */ = {
			isa = PBXSourcesBuildPhase;
			buildActionMask = 2147483647;
			files = (
				2149D0FC287648AD0047339B /* extensionUITests.swift in Sources */,
			);
			runOnlyForDeploymentPostprocessing = 0;
		};
/* End PBXSourcesBuildPhase section */

/* Begin PBXTargetDependency section */
		2149D0EE287648AD0047339B /* PBXTargetDependency */ = {
			isa = PBXTargetDependency;
			target = 2149D0D5287648AC0047339B /* extension */;
			targetProxy = 2149D0ED287648AD0047339B /* PBXContainerItemProxy */;
		};
		2149D0F9287648AD0047339B /* PBXTargetDependency */ = {
			isa = PBXTargetDependency;
			target = 2149D0D5287648AC0047339B /* extension */;
			targetProxy = 2149D0F8287648AD0047339B /* PBXContainerItemProxy */;
		};
/* End PBXTargetDependency section */

/* Begin PBXVariantGroup section */
		2149D0DF287648AC0047339B /* Main.storyboard */ = {
			isa = PBXVariantGroup;
			children = (
				2149D0E0287648AC0047339B /* Base */,
			);
			name = Main.storyboard;
			sourceTree = "<group>";
		};
		2149D0E4287648AD0047339B /* LaunchScreen.storyboard */ = {
			isa = PBXVariantGroup;
			children = (
				2149D0E5287648AD0047339B /* Base */,
			);
			name = LaunchScreen.storyboard;
			sourceTree = "<group>";
		};
/* End PBXVariantGroup section */

/* Begin XCBuildConfiguration section */
		2149D0FE287648AD0047339B /* Debug */ = {
			isa = XCBuildConfiguration;
			buildSettings = {
				ALWAYS_SEARCH_USER_PATHS = NO;
				CLANG_ANALYZER_NONNULL = YES;
				CLANG_ANALYZER_NUMBER_OBJECT_CONVERSION = YES_AGGRESSIVE;
				CLANG_CXX_LANGUAGE_STANDARD = "gnu++14";
				CLANG_CXX_LIBRARY = "libc++";
				CLANG_ENABLE_MODULES = YES;
				CLANG_ENABLE_OBJC_ARC = YES;
				CLANG_ENABLE_OBJC_WEAK = YES;
				CLANG_WARN_BLOCK_CAPTURE_AUTORELEASING = YES;
				CLANG_WARN_BOOL_CONVERSION = YES;
				CLANG_WARN_COMMA = YES;
				CLANG_WARN_CONSTANT_CONVERSION = YES;
				CLANG_WARN_DEPRECATED_OBJC_IMPLEMENTATIONS = YES;
				CLANG_WARN_DIRECT_OBJC_ISA_USAGE = YES_ERROR;
				CLANG_WARN_DOCUMENTATION_COMMENTS = YES;
				CLANG_WARN_EMPTY_BODY = YES;
				CLANG_WARN_ENUM_CONVERSION = YES;
				CLANG_WARN_INFINITE_RECURSION = YES;
				CLANG_WARN_INT_CONVERSION = YES;
				CLANG_WARN_NON_LITERAL_NULL_CONVERSION = YES;
				CLANG_WARN_OBJC_IMPLICIT_RETAIN_SELF = YES;
				CLANG_WARN_OBJC_LITERAL_CONVERSION = YES;
				CLANG_WARN_OBJC_ROOT_CLASS = YES_ERROR;
				CLANG_WARN_QUOTED_INCLUDE_IN_FRAMEWORK_HEADER = YES;
				CLANG_WARN_RANGE_LOOP_ANALYSIS = YES;
				CLANG_WARN_STRICT_PROTOTYPES = YES;
				CLANG_WARN_SUSPICIOUS_MOVE = YES;
				CLANG_WARN_UNGUARDED_AVAILABILITY = YES_AGGRESSIVE;
				CLANG_WARN_UNREACHABLE_CODE = YES;
				CLANG_WARN__DUPLICATE_METHOD_MATCH = YES;
				COPY_PHASE_STRIP = NO;
				DEBUG_INFORMATION_FORMAT = dwarf;
				ENABLE_STRICT_OBJC_MSGSEND = YES;
				ENABLE_TESTABILITY = YES;
				GCC_C_LANGUAGE_STANDARD = gnu11;
				GCC_DYNAMIC_NO_PIC = NO;
				GCC_NO_COMMON_BLOCKS = YES;
				GCC_OPTIMIZATION_LEVEL = 0;
				GCC_PREPROCESSOR_DEFINITIONS = (
					"DEBUG=1",
					"$(inherited)",
				);
				GCC_WARN_64_TO_32_BIT_CONVERSION = YES;
				GCC_WARN_ABOUT_RETURN_TYPE = YES_ERROR;
				GCC_WARN_UNDECLARED_SELECTOR = YES;
				GCC_WARN_UNINITIALIZED_AUTOS = YES_AGGRESSIVE;
				GCC_WARN_UNUSED_FUNCTION = YES;
				GCC_WARN_UNUSED_VARIABLE = YES;
				IPHONEOS_DEPLOYMENT_TARGET = 14.5;
				MTL_ENABLE_DEBUG_INFO = INCLUDE_SOURCE;
				MTL_FAST_MATH = YES;
				ONLY_ACTIVE_ARCH = YES;
				SDKROOT = iphoneos;
				SWIFT_ACTIVE_COMPILATION_CONDITIONS = DEBUG;
				SWIFT_OPTIMIZATION_LEVEL = "-Onone";
			};
			name = Debug;
		};
		2149D0FF287648AD0047339B /* Release */ = {
			isa = XCBuildConfiguration;
			buildSettings = {
				ALWAYS_SEARCH_USER_PATHS = NO;
				CLANG_ANALYZER_NONNULL = YES;
				CLANG_ANALYZER_NUMBER_OBJECT_CONVERSION = YES_AGGRESSIVE;
				CLANG_CXX_LANGUAGE_STANDARD = "gnu++14";
				CLANG_CXX_LIBRARY = "libc++";
				CLANG_ENABLE_MODULES = YES;
				CLANG_ENABLE_OBJC_ARC = YES;
				CLANG_ENABLE_OBJC_WEAK = YES;
				CLANG_WARN_BLOCK_CAPTURE_AUTORELEASING = YES;
				CLANG_WARN_BOOL_CONVERSION = YES;
				CLANG_WARN_COMMA = YES;
				CLANG_WARN_CONSTANT_CONVERSION = YES;
				CLANG_WARN_DEPRECATED_OBJC_IMPLEMENTATIONS = YES;
				CLANG_WARN_DIRECT_OBJC_ISA_USAGE = YES_ERROR;
				CLANG_WARN_DOCUMENTATION_COMMENTS = YES;
				CLANG_WARN_EMPTY_BODY = YES;
				CLANG_WARN_ENUM_CONVERSION = YES;
				CLANG_WARN_INFINITE_RECURSION = YES;
				CLANG_WARN_INT_CONVERSION = YES;
				CLANG_WARN_NON_LITERAL_NULL_CONVERSION = YES;
				CLANG_WARN_OBJC_IMPLICIT_RETAIN_SELF = YES;
				CLANG_WARN_OBJC_LITERAL_CONVERSION = YES;
				CLANG_WARN_OBJC_ROOT_CLASS = YES_ERROR;
				CLANG_WARN_QUOTED_INCLUDE_IN_FRAMEWORK_HEADER = YES;
				CLANG_WARN_RANGE_LOOP_ANALYSIS = YES;
				CLANG_WARN_STRICT_PROTOTYPES = YES;
				CLANG_WARN_SUSPICIOUS_MOVE = YES;
				CLANG_WARN_UNGUARDED_AVAILABILITY = YES_AGGRESSIVE;
				CLANG_WARN_UNREACHABLE_CODE = YES;
				CLANG_WARN__DUPLICATE_METHOD_MATCH = YES;
				COPY_PHASE_STRIP = NO;
				DEBUG_INFORMATION_FORMAT = "dwarf-with-dsym";
				ENABLE_NS_ASSERTIONS = NO;
				ENABLE_STRICT_OBJC_MSGSEND = YES;
				GCC_C_LANGUAGE_STANDARD = gnu11;
				GCC_NO_COMMON_BLOCKS = YES;
				GCC_WARN_64_TO_32_BIT_CONVERSION = YES;
				GCC_WARN_ABOUT_RETURN_TYPE = YES_ERROR;
				GCC_WARN_UNDECLARED_SELECTOR = YES;
				GCC_WARN_UNINITIALIZED_AUTOS = YES_AGGRESSIVE;
				GCC_WARN_UNUSED_FUNCTION = YES;
				GCC_WARN_UNUSED_VARIABLE = YES;
				IPHONEOS_DEPLOYMENT_TARGET = 14.5;
				MTL_ENABLE_DEBUG_INFO = NO;
				MTL_FAST_MATH = YES;
				SDKROOT = iphoneos;
				SWIFT_COMPILATION_MODE = wholemodule;
				SWIFT_OPTIMIZATION_LEVEL = "-O";
				VALIDATE_PRODUCT = YES;
			};
			name = Release;
		};
		2149D101287648AD0047339B /* Debug */ = {
			isa = XCBuildConfiguration;
			buildSettings = {
				ASSETCATALOG_COMPILER_APPICON_NAME = AppIcon;
				ASSETCATALOG_COMPILER_GLOBAL_ACCENT_COLOR_NAME = AccentColor;
				CODE_SIGN_STYLE = Automatic;
				DEVELOPMENT_TEAM = 3BX64U658L;
				INFOPLIST_FILE = extension/Info.plist;
				LD_RUNPATH_SEARCH_PATHS = (
					"$(inherited)",
					"@executable_path/Frameworks",
				);
				PRODUCT_BUNDLE_IDENTIFIER = com.melih.test1.extension;
				PRODUCT_NAME = "$(TARGET_NAME)";
				SWIFT_VERSION = 5.0;
				TARGETED_DEVICE_FAMILY = "1,2";
			};
			name = Debug;
		};
		2149D102287648AD0047339B /* Release */ = {
			isa = XCBuildConfiguration;
			buildSettings = {
				ASSETCATALOG_COMPILER_APPICON_NAME = AppIcon;
				ASSETCATALOG_COMPILER_GLOBAL_ACCENT_COLOR_NAME = AccentColor;
				CODE_SIGN_STYLE = Automatic;
				DEVELOPMENT_TEAM = 3BX64U658L;
				INFOPLIST_FILE = extension/Info.plist;
				LD_RUNPATH_SEARCH_PATHS = (
					"$(inherited)",
					"@executable_path/Frameworks",
				);
				PRODUCT_BUNDLE_IDENTIFIER = com.melih.test1.extension;
				PRODUCT_NAME = "$(TARGET_NAME)";
				SWIFT_VERSION = 5.0;
				TARGETED_DEVICE_FAMILY = "1,2";
			};
			name = Release;
		};
		2149D104287648AD0047339B /* Debug */ = {
			isa = XCBuildConfiguration;
			buildSettings = {
				ALWAYS_EMBED_SWIFT_STANDARD_LIBRARIES = YES;
				BUNDLE_LOADER = "$(TEST_HOST)";
				CODE_SIGN_STYLE = Automatic;
				DEVELOPMENT_TEAM = 3BX64U658L;
				INFOPLIST_FILE = extensionTests/Info.plist;
				IPHONEOS_DEPLOYMENT_TARGET = 14.5;
				LD_RUNPATH_SEARCH_PATHS = (
					"$(inherited)",
					"@executable_path/Frameworks",
					"@loader_path/Frameworks",
				);
				PRODUCT_BUNDLE_IDENTIFIER = com.melih.test1.extensionTests;
				PRODUCT_NAME = "$(TARGET_NAME)";
				SWIFT_VERSION = 5.0;
				TARGETED_DEVICE_FAMILY = "1,2";
				TEST_HOST = "$(BUILT_PRODUCTS_DIR)/extension.app/extension";
			};
			name = Debug;
		};
		2149D105287648AD0047339B /* Release */ = {
			isa = XCBuildConfiguration;
			buildSettings = {
				ALWAYS_EMBED_SWIFT_STANDARD_LIBRARIES = YES;
				BUNDLE_LOADER = "$(TEST_HOST)";
				CODE_SIGN_STYLE = Automatic;
				DEVELOPMENT_TEAM = 3BX64U658L;
				INFOPLIST_FILE = extensionTests/Info.plist;
				IPHONEOS_DEPLOYMENT_TARGET = 14.5;
				LD_RUNPATH_SEARCH_PATHS = (
					"$(inherited)",
					"@executable_path/Frameworks",
					"@loader_path/Frameworks",
				);
				PRODUCT_BUNDLE_IDENTIFIER = com.melih.test1.extensionTests;
				PRODUCT_NAME = "$(TARGET_NAME)";
				SWIFT_VERSION = 5.0;
				TARGETED_DEVICE_FAMILY = "1,2";
				TEST_HOST = "$(BUILT_PRODUCTS_DIR)/extension.app/extension";
			};
			name = Release;
		};
		2149D107287648AD0047339B /* Debug */ = {
			isa = XCBuildConfiguration;
			buildSettings = {
				ALWAYS_EMBED_SWIFT_STANDARD_LIBRARIES = YES;
				CODE_SIGN_STYLE = Automatic;
				DEVELOPMENT_TEAM = 3BX64U658L;
				INFOPLIST_FILE = extensionUITests/Info.plist;
				LD_RUNPATH_SEARCH_PATHS = (
					"$(inherited)",
					"@executable_path/Frameworks",
					"@loader_path/Frameworks",
				);
				PRODUCT_BUNDLE_IDENTIFIER = com.melih.test1.extensionUITests;
				PRODUCT_NAME = "$(TARGET_NAME)";
				SWIFT_VERSION = 5.0;
				TARGETED_DEVICE_FAMILY = "1,2";
				TEST_TARGET_NAME = extension;
			};
			name = Debug;
		};
		2149D108287648AD0047339B /* Release */ = {
			isa = XCBuildConfiguration;
			buildSettings = {
				ALWAYS_EMBED_SWIFT_STANDARD_LIBRARIES = YES;
				CODE_SIGN_STYLE = Automatic;
				DEVELOPMENT_TEAM = 3BX64U658L;
				INFOPLIST_FILE = extensionUITests/Info.plist;
				LD_RUNPATH_SEARCH_PATHS = (
					"$(inherited)",
					"@executable_path/Frameworks",
					"@loader_path/Frameworks",
				);
				PRODUCT_BUNDLE_IDENTIFIER = com.melih.test1.extensionUITests;
				PRODUCT_NAME = "$(TARGET_NAME)";
				SWIFT_VERSION = 5.0;
				TARGETED_DEVICE_FAMILY = "1,2";
				TEST_TARGET_NAME = extension;
			};
			name = Release;
		};
/* End XCBuildConfiguration section */

/* Begin XCConfigurationList section */
		2149D0D1287648AC0047339B /* Build configuration list for PBXProject "extension" */ = {
			isa = XCConfigurationList;
			buildConfigurations = (
				2149D0FE287648AD0047339B /* Debug */,
				2149D0FF287648AD0047339B /* Release */,
			);
			defaultConfigurationIsVisible = 0;
			defaultConfigurationName = Release;
		};
		2149D100287648AD0047339B /* Build configuration list for PBXNativeTarget "extension" */ = {
			isa = XCConfigurationList;
			buildConfigurations = (
				2149D101287648AD0047339B /* Debug */,
				2149D102287648AD0047339B /* Release */,
			);
			defaultConfigurationIsVisible = 0;
			defaultConfigurationName = Release;
		};
		2149D103287648AD0047339B /* Build configuration list for PBXNativeTarget "extensionTests" */ = {
			isa = XCConfigurationList;
			buildConfigurations = (
				2149D104287648AD0047339B /* Debug */,
				2149D105287648AD0047339B /* Release */,
			);
			defaultConfigurationIsVisible = 0;
			defaultConfigurationName = Release;
		};
		2149D106287648AD0047339B /* Build configuration list for PBXNativeTarget "extensionUITests" */ = {
			isa = XCConfigurationList;
			buildConfigurations = (
				2149D107287648AD0047339B /* Debug */,
				2149D108287648AD0047339B /* Release */,
			);
			defaultConfigurationIsVisible = 0;
			defaultConfigurationName = Release;
		};
/* End XCConfigurationList section */
	};
	rootObject = 2149D0CE287648AC0047339B /* Project object */;
}
